
Microsoft Visual Studio Solution File, Format Version 12.00
# Visual Studio Version 17
VisualStudioVersion = 17.3.32901.215
MinimumVisualStudioVersion = 10.0.40219.1
Project("{FAE04EC0-301F-11D3-BF4B-00C04F79EFBC}") = "BinarySearchTree_089", "BinarySearchTree_089\BinarySearchTree_089.csproj", "{ADB853EA-BAD0-428D-8A69-86DD8C748078}"
EndProject
Global
	GlobalSection(SolutionConfigurationPlatforms) = preSolution
		Debug|Any CPU = Debug|Any CPU
		Release|Any CPU = Release|Any CPU
	EndGlobalSection
	GlobalSection(ProjectConfigurationPlatforms) = postSolution
		{ADB853EA-BAD0-428D-8A69-86DD8C748078}.Debug|Any CPU.ActiveCfg = Debug|Any CPU
		{ADB853EA-BAD0-428D-8A69-86DD8C748078}.Debug|Any CPU.Build.0 = Debug|Any CPU
		{ADB853EA-BAD0-428D-8A69-86DD8C748078}.Release|Any CPU.ActiveCfg = Release|Any CPU
		{ADB853EA-BAD0-428D-8A69-86DD8C748078}.Release|Any CPU.Build.0 = Release|Any CPU
	EndGlobalSection
	GlobalSection(SolutionProperties) = preSolution
		HideSolutionNode = FALSE
	EndGlobalSection
	GlobalSection(ExtensibilityGlobals) = postSolution
		SolutionGuid = {E9CC125C-6DAC-44BA-984C-53EB41C98303}
	EndGlobalSection
EndGlobal
